
Microsoft Visual Studio Solution File, Format Version 12.00
# Visual Studio Version 17
VisualStudioVersion = 17.3.32611.2
MinimumVisualStudioVersion = 10.0.40219.1
Project("{9A19103F-16F7-4668-BE54-9A1E7A4F7556}") = "MauiAudio", "MauiAudio.csproj", "{BA797E45-C861-4ED6-A6F1-678673D0CAE2}"
EndProject
Global
	GlobalSection(SolutionConfigurationPlatforms) = preSolution
		Debug|Any CPU = Debug|Any CPU
		Release|Any CPU = Release|Any CPU
	EndGlobalSection
	GlobalSection(ProjectConfigurationPlatforms) = postSolution
		{BA797E45-C861-4ED6-A6F1-678673D0CAE2}.Debug|Any CPU.ActiveCfg = Debug|Any CPU
		{BA797E45-C861-4ED6-A6F1-678673D0CAE2}.Debug|Any CPU.Build.0 = Debug|Any CPU
		{BA797E45-C861-4ED6-A6F1-678673D0CAE2}.Release|Any CPU.ActiveCfg = Release|Any CPU
		{BA797E45-C861-4ED6-A6F1-678673D0CAE2}.Release|Any CPU.Build.0 = Release|Any CPU
	EndGlobalSection
	GlobalSection(SolutionProperties) = preSolution
		HideSolutionNode = FALSE
	EndGlobalSection
	GlobalSection(ExtensibilityGlobals) = postSolution
		SolutionGuid = {96F02B8F-41AC-4C25-98FD-0FAFC8D02A6D}
	EndGlobalSection
EndGlobal
